
Microsoft Visual Studio Solution File, Format Version 12.00
# Visual Studio Version 17
VisualStudioVersion = 17.5.33424.131
MinimumVisualStudioVersion = 10.0.40219.1
Project("{FAE04EC0-301F-11D3-BF4B-00C04F79EFBC}") = "WebApp_UnderTheHood", "WebApp_UnderTheHood.csproj", "{2682AF1D-70C6-4E48-88DF-C2AE42BED5E1}"
EndProject
Project("{FAE04EC0-301F-11D3-BF4B-00C04F79EFBC}") = "WebApp_UnderTheHood.Entities", "..\WebApp_UnderTheHood.Entities\WebApp_UnderTheHood.Entities.csproj", "{4B3639CB-F4A4-47B7-BAAD-D2409BF232DE}"
EndProject
Global
	GlobalSection(SolutionConfigurationPlatforms) = preSolution
		Debug|Any CPU = Debug|Any CPU
		Release|Any CPU = Release|Any CPU
	EndGlobalSection
	GlobalSection(ProjectConfigurationPlatforms) = postSolution
		{2682AF1D-70C6-4E48-88DF-C2AE42BED5E1}.Debug|Any CPU.ActiveCfg = Debug|Any CPU
		{2682AF1D-70C6-4E48-88DF-C2AE42BED5E1}.Debug|Any CPU.Build.0 = Debug|Any CPU
		{2682AF1D-70C6-4E48-88DF-C2AE42BED5E1}.Release|Any CPU.ActiveCfg = Release|Any CPU
		{2682AF1D-70C6-4E48-88DF-C2AE42BED5E1}.Release|Any CPU.Build.0 = Release|Any CPU
		{4B3639CB-F4A4-47B7-BAAD-D2409BF232DE}.Debug|Any CPU.ActiveCfg = Debug|Any CPU
		{4B3639CB-F4A4-47B7-BAAD-D2409BF232DE}.Debug|Any CPU.Build.0 = Debug|Any CPU
		{4B3639CB-F4A4-47B7-BAAD-D2409BF232DE}.Release|Any CPU.ActiveCfg = Release|Any CPU
		{4B3639CB-F4A4-47B7-BAAD-D2409BF232DE}.Release|Any CPU.Build.0 = Release|Any CPU
	EndGlobalSection
	GlobalSection(SolutionProperties) = preSolution
		HideSolutionNode = FALSE
	EndGlobalSection
	GlobalSection(ExtensibilityGlobals) = postSolution
		SolutionGuid = {C0FF6DE4-D210-420E-9ECD-82A7339C1A5F}
	EndGlobalSection
EndGlobal
